
Microsoft Visual Studio Solution File, Format Version 12.00
# Visual Studio 15
VisualStudioVersion = 15.0.26430.13
MinimumVisualStudioVersion = 10.0.40219.1
Project("{FAE04EC0-301F-11D3-BF4B-00C04F79EFBC}") = "MyWealthWatch", "MyWealthWatch\MyWealthWatch.csproj", "{AA5B0EA6-B7AD-45F5-A6FE-CE1B0FA8E266}"
EndProject
Project("{E53339B2-1760-4266-BCC7-CA923CBCF16C}") = "docker-compose", "docker-compose.dcproj", "{A85C43E5-A651-49E7-9D87-CA1512D92EF2}"
EndProject
Global
	GlobalSection(SolutionConfigurationPlatforms) = preSolution
		Debug|Any CPU = Debug|Any CPU
		Release|Any CPU = Release|Any CPU
	EndGlobalSection
	GlobalSection(ProjectConfigurationPlatforms) = postSolution
		{AA5B0EA6-B7AD-45F5-A6FE-CE1B0FA8E266}.Debug|Any CPU.ActiveCfg = Debug|Any CPU
		{AA5B0EA6-B7AD-45F5-A6FE-CE1B0FA8E266}.Debug|Any CPU.Build.0 = Debug|Any CPU
		{AA5B0EA6-B7AD-45F5-A6FE-CE1B0FA8E266}.Release|Any CPU.ActiveCfg = Release|Any CPU
		{AA5B0EA6-B7AD-45F5-A6FE-CE1B0FA8E266}.Release|Any CPU.Build.0 = Release|Any CPU
		{A85C43E5-A651-49E7-9D87-CA1512D92EF2}.Debug|Any CPU.ActiveCfg = Debug|Any CPU
		{A85C43E5-A651-49E7-9D87-CA1512D92EF2}.Debug|Any CPU.Build.0 = Debug|Any CPU
		{A85C43E5-A651-49E7-9D87-CA1512D92EF2}.Release|Any CPU.ActiveCfg = Release|Any CPU
		{A85C43E5-A651-49E7-9D87-CA1512D92EF2}.Release|Any CPU.Build.0 = Release|Any CPU
	EndGlobalSection
	GlobalSection(SolutionProperties) = preSolution
		HideSolutionNode = FALSE
	EndGlobalSection
EndGlobal
